
Microsoft Visual Studio Solution File, Format Version 12.00
# Visual Studio 15
VisualStudioVersion = 15.0.26124.0
MinimumVisualStudioVersion = 15.0.26124.0
Project("{FAE04EC0-301F-11D3-BF4B-00C04F79EFBC}") = "API", "API\API.csproj", "{A9CCB27C-E6CD-4A18-A8F0-25B8639C342F}"
EndProject
Project("{FAE04EC0-301F-11D3-BF4B-00C04F79EFBC}") = "Application", "Application\Application.csproj", "{32D26472-FBAB-4A32-9701-8550CB2BCF65}"
EndProject
Project("{FAE04EC0-301F-11D3-BF4B-00C04F79EFBC}") = "Domain", "Domain\Domain.csproj", "{52B72D1D-BB37-4AFF-8970-36EAFDC57208}"
EndProject
Project("{FAE04EC0-301F-11D3-BF4B-00C04F79EFBC}") = "Persistence", "Persistence\Persistence.csproj", "{51EF5996-44B8-44E8-9333-7763D88AE0A9}"
EndProject
Global
	GlobalSection(SolutionConfigurationPlatforms) = preSolution
		Debug|Any CPU = Debug|Any CPU
		Debug|x64 = Debug|x64
		Debug|x86 = Debug|x86
		Release|Any CPU = Release|Any CPU
		Release|x64 = Release|x64
		Release|x86 = Release|x86
	EndGlobalSection
	GlobalSection(SolutionProperties) = preSolution
		HideSolutionNode = FALSE
	EndGlobalSection
	GlobalSection(ProjectConfigurationPlatforms) = postSolution
		{A9CCB27C-E6CD-4A18-A8F0-25B8639C342F}.Debug|Any CPU.ActiveCfg = Debug|Any CPU
		{A9CCB27C-E6CD-4A18-A8F0-25B8639C342F}.Debug|Any CPU.Build.0 = Debug|Any CPU
		{A9CCB27C-E6CD-4A18-A8F0-25B8639C342F}.Debug|x64.ActiveCfg = Debug|Any CPU
		{A9CCB27C-E6CD-4A18-A8F0-25B8639C342F}.Debug|x64.Build.0 = Debug|Any CPU
		{A9CCB27C-E6CD-4A18-A8F0-25B8639C342F}.Debug|x86.ActiveCfg = Debug|Any CPU
		{A9CCB27C-E6CD-4A18-A8F0-25B8639C342F}.Debug|x86.Build.0 = Debug|Any CPU
		{A9CCB27C-E6CD-4A18-A8F0-25B8639C342F}.Release|Any CPU.ActiveCfg = Release|Any CPU
		{A9CCB27C-E6CD-4A18-A8F0-25B8639C342F}.Release|Any CPU.Build.0 = Release|Any CPU
		{A9CCB27C-E6CD-4A18-A8F0-25B8639C342F}.Release|x64.ActiveCfg = Release|Any CPU
		{A9CCB27C-E6CD-4A18-A8F0-25B8639C342F}.Release|x64.Build.0 = Release|Any CPU
		{A9CCB27C-E6CD-4A18-A8F0-25B8639C342F}.Release|x86.ActiveCfg = Release|Any CPU
		{A9CCB27C-E6CD-4A18-A8F0-25B8639C342F}.Release|x86.Build.0 = Release|Any CPU
		{32D26472-FBAB-4A32-9701-8550CB2BCF65}.Debug|Any CPU.ActiveCfg = Debug|Any CPU
		{32D26472-FBAB-4A32-9701-8550CB2BCF65}.Debug|Any CPU.Build.0 = Debug|Any CPU
		{32D26472-FBAB-4A32-9701-8550CB2BCF65}.Debug|x64.ActiveCfg = Debug|Any CPU
		{32D26472-FBAB-4A32-9701-8550CB2BCF65}.Debug|x64.Build.0 = Debug|Any CPU
		{32D26472-FBAB-4A32-9701-8550CB2BCF65}.Debug|x86.ActiveCfg = Debug|Any CPU
		{32D26472-FBAB-4A32-9701-8550CB2BCF65}.Debug|x86.Build.0 = Debug|Any CPU
		{32D26472-FBAB-4A32-9701-8550CB2BCF65}.Release|Any CPU.ActiveCfg = Release|Any CPU
		{32D26472-FBAB-4A32-9701-8550CB2BCF65}.Release|Any CPU.Build.0 = Release|Any CPU
		{32D26472-FBAB-4A32-9701-8550CB2BCF65}.Release|x64.ActiveCfg = Release|Any CPU
		{32D26472-FBAB-4A32-9701-8550CB2BCF65}.Release|x64.Build.0 = Release|Any CPU
		{32D26472-FBAB-4A32-9701-8550CB2BCF65}.Release|x86.ActiveCfg = Release|Any CPU
		{32D26472-FBAB-4A32-9701-8550CB2BCF65}.Release|x86.Build.0 = Release|Any CPU
		{52B72D1D-BB37-4AFF-8970-36EAFDC57208}.Debug|Any CPU.ActiveCfg = Debug|Any CPU
		{52B72D1D-BB37-4AFF-8970-36EAFDC57208}.Debug|Any CPU.Build.0 = Debug|Any CPU
		{52B72D1D-BB37-4AFF-8970-36EAFDC57208}.Debug|x64.ActiveCfg = Debug|Any CPU
		{52B72D1D-BB37-4AFF-8970-36EAFDC57208}.Debug|x64.Build.0 = Debug|Any CPU
		{52B72D1D-BB37-4AFF-8970-36EAFDC57208}.Debug|x86.ActiveCfg = Debug|Any CPU
		{52B72D1D-BB37-4AFF-8970-36EAFDC57208}.Debug|x86.Build.0 = Debug|Any CPU
		{52B72D1D-BB37-4AFF-8970-36EAFDC57208}.Release|Any CPU.ActiveCfg = Release|Any CPU
		{52B72D1D-BB37-4AFF-8970-36EAFDC57208}.Release|Any CPU.Build.0 = Release|Any CPU
		{52B72D1D-BB37-4AFF-8970-36EAFDC57208}.Release|x64.ActiveCfg = Release|Any CPU
		{52B72D1D-BB37-4AFF-8970-36EAFDC57208}.Release|x64.Build.0 = Release|Any CPU
		{52B72D1D-BB37-4AFF-8970-36EAFDC57208}.Release|x86.ActiveCfg = Release|Any CPU
		{52B72D1D-BB37-4AFF-8970-36EAFDC57208}.Release|x86.Build.0 = Release|Any CPU
		{51EF5996-44B8-44E8-9333-7763D88AE0A9}.Debug|Any CPU.ActiveCfg = Debug|Any CPU
		{51EF5996-44B8-44E8-9333-7763D88AE0A9}.Debug|Any CPU.Build.0 = Debug|Any CPU
		{51EF5996-44B8-44E8-9333-7763D88AE0A9}.Debug|x64.ActiveCfg = Debug|Any CPU
		{51EF5996-44B8-44E8-9333-7763D88AE0A9}.Debug|x64.Build.0 = Debug|Any CPU
		{51EF5996-44B8-44E8-9333-7763D88AE0A9}.Debug|x86.ActiveCfg = Debug|Any CPU
		{51EF5996-44B8-44E8-9333-7763D88AE0A9}.Debug|x86.Build.0 = Debug|Any CPU
		{51EF5996-44B8-44E8-9333-7763D88AE0A9}.Release|Any CPU.ActiveCfg = Release|Any CPU
		{51EF5996-44B8-44E8-9333-7763D88AE0A9}.Release|Any CPU.Build.0 = Release|Any CPU
		{51EF5996-44B8-44E8-9333-7763D88AE0A9}.Release|x64.ActiveCfg = Release|Any CPU
		{51EF5996-44B8-44E8-9333-7763D88AE0A9}.Release|x64.Build.0 = Release|Any CPU
		{51EF5996-44B8-44E8-9333-7763D88AE0A9}.Release|x86.ActiveCfg = Release|Any CPU
		{51EF5996-44B8-44E8-9333-7763D88AE0A9}.Release|x86.Build.0 = Release|Any CPU
	EndGlobalSection
EndGlobal
